// !$*UTF8*$!
{
	archiveVersion = 1;
	classes = {
	};
	objectVersion = 50;
	objects = {

/* Begin PBXBuildFile section */
		3F5BD60222120CD0001F78DB /* AppDelegate.m in Sources */ = {isa = PBXBuildFile; fileRef = 3F5BD60122120CD0001F78DB /* AppDelegate.m */; };
		3F5BD60822120CD0001F78DB /* Main.storyboard in Resources */ = {isa = PBXBuildFile; fileRef = 3F5BD60622120CD0001F78DB /* Main.storyboard */; };
		3F5BD60A22120CD1001F78DB /* Assets.xcassets in Resources */ = {isa = PBXBuildFile; fileRef = 3F5BD60922120CD1001F78DB /* Assets.xcassets */; };
		3F5BD60D22120CD1001F78DB /* LaunchScreen.storyboard in Resources */ = {isa = PBXBuildFile; fileRef = 3F5BD60B22120CD1001F78DB /* LaunchScreen.storyboard */; };
		3F5BD61022120CD1001F78DB /* main.m in Sources */ = {isa = PBXBuildFile; fileRef = 3F5BD60F22120CD1001F78DB /* main.m */; };
		3F5BD61822120D2F001F78DB /* JZEntry.m in Sources */ = {isa = PBXBuildFile; fileRef = 3F5BD61722120D2F001F78DB /* JZEntry.m */; };
		3F5BD61E22120E63001F78DB /* JZEntryController.m in Sources */ = {isa = PBXBuildFile; fileRef = 3F5BD61D22120E63001F78DB /* JZEntryController.m */; };
		3F5BD623221211A0001F78DB /* JZEntryListTableViewController.m in Sources */ = {isa = PBXBuildFile; fileRef = 3F5BD622221211A0001F78DB /* JZEntryListTableViewController.m */; };
		3F5BD62922121433001F78DB /* JZEntryDetailViewController.m in Sources */ = {isa = PBXBuildFile; fileRef = 3F5BD62822121433001F78DB /* JZEntryDetailViewController.m */; };
/* End PBXBuildFile section */

/* Begin PBXFileReference section */
		3F5BD5FD22120CD0001F78DB /* JournalObjC.app */ = {isa = PBXFileReference; explicitFileType = wrapper.application; includeInIndex = 0; path = JournalObjC.app; sourceTree = BUILT_PRODUCTS_DIR; };
		3F5BD60022120CD0001F78DB /* AppDelegate.h */ = {isa = PBXFileReference; lastKnownFileType = sourcecode.c.h; path = AppDelegate.h; sourceTree = "<group>"; };
		3F5BD60122120CD0001F78DB /* AppDelegate.m */ = {isa = PBXFileReference; lastKnownFileType = sourcecode.c.objc; path = AppDelegate.m; sourceTree = "<group>"; };
		3F5BD60722120CD0001F78DB /* Base */ = {isa = PBXFileReference; lastKnownFileType = file.storyboard; name = Base; path = Base.lproj/Main.storyboard; sourceTree = "<group>"; };
		3F5BD60922120CD1001F78DB /* Assets.xcassets */ = {isa = PBXFileReference; lastKnownFileType = folder.assetcatalog; path = Assets.xcassets; sourceTree = "<group>"; };
		3F5BD60C22120CD1001F78DB /* Base */ = {isa = PBXFileReference; lastKnownFileType = file.storyboard; name = Base; path = Base.lproj/LaunchScreen.storyboard; sourceTree = "<group>"; };
		3F5BD60E22120CD1001F78DB /* Info.plist */ = {isa = PBXFileReference; lastKnownFileType = text.plist.xml; path = Info.plist; sourceTree = "<group>"; };
		3F5BD60F22120CD1001F78DB /* main.m */ = {isa = PBXFileReference; lastKnownFileType = sourcecode.c.objc; path = main.m; sourceTree = "<group>"; };
		3F5BD61622120D2F001F78DB /* JZEntry.h */ = {isa = PBXFileReference; lastKnownFileType = sourcecode.c.h; path = JZEntry.h; sourceTree = "<group>"; };
		3F5BD61722120D2F001F78DB /* JZEntry.m */ = {isa = PBXFileReference; lastKnownFileType = sourcecode.c.objc; path = JZEntry.m; sourceTree = "<group>"; };
		3F5BD61C22120E63001F78DB /* JZEntryController.h */ = {isa = PBXFileReference; lastKnownFileType = sourcecode.c.h; path = JZEntryController.h; sourceTree = "<group>"; };
		3F5BD61D22120E63001F78DB /* JZEntryController.m */ = {isa = PBXFileReference; lastKnownFileType = sourcecode.c.objc; path = JZEntryController.m; sourceTree = "<group>"; };
		3F5BD621221211A0001F78DB /* JZEntryListTableViewController.h */ = {isa = PBXFileReference; lastKnownFileType = sourcecode.c.h; path = JZEntryListTableViewController.h; sourceTree = "<group>"; };
		3F5BD622221211A0001F78DB /* JZEntryListTableViewController.m */ = {isa = PBXFileReference; lastKnownFileType = sourcecode.c.objc; path = JZEntryListTableViewController.m; sourceTree = "<group>"; };
		3F5BD62722121433001F78DB /* JZEntryDetailViewController.h */ = {isa = PBXFileReference; lastKnownFileType = sourcecode.c.h; path = JZEntryDetailViewController.h; sourceTree = "<group>"; };
		3F5BD62822121433001F78DB /* JZEntryDetailViewController.m */ = {isa = PBXFileReference; lastKnownFileType = sourcecode.c.objc; path = JZEntryDetailViewController.m; sourceTree = "<group>"; };
/* End PBXFileReference section */

/* Begin PBXFrameworksBuildPhase section */
		3F5BD5FA22120CD0001F78DB /* Frameworks */ = {
			isa = PBXFrameworksBuildPhase;
			buildActionMask = 2147483647;
			files = (
			);
			runOnlyForDeploymentPostprocessing = 0;
		};
/* End PBXFrameworksBuildPhase section */

/* Begin PBXGroup section */
		3F5BD5F422120CD0001F78DB = {
			isa = PBXGroup;
			children = (
				3F5BD5FF22120CD0001F78DB /* JournalObjC */,
				3F5BD5FE22120CD0001F78DB /* Products */,
			);
			sourceTree = "<group>";
		};
		3F5BD5FE22120CD0001F78DB /* Products */ = {
			isa = PBXGroup;
			children = (
				3F5BD5FD22120CD0001F78DB /* JournalObjC.app */,
			);
			name = Products;
			sourceTree = "<group>";
		};
		3F5BD5FF22120CD0001F78DB /* JournalObjC */ = {
			isa = PBXGroup;
			children = (
				3F5BD61B22120D4E001F78DB /* Resources */,
				3F5BD61922120D35001F78DB /* Model */,
				3F5BD62022120E74001F78DB /* Controllers */,
			);
			path = JournalObjC;
			sourceTree = "<group>";
		};
		3F5BD61922120D35001F78DB /* Model */ = {
			isa = PBXGroup;
			children = (
				3F5BD61622120D2F001F78DB /* JZEntry.h */,
				3F5BD61722120D2F001F78DB /* JZEntry.m */,
			);
			path = Model;
			sourceTree = "<group>";
		};
		3F5BD61A22120D3D001F78DB /* View Controllers */ = {
			isa = PBXGroup;
			children = (
				3F5BD621221211A0001F78DB /* JZEntryListTableViewController.h */,
				3F5BD622221211A0001F78DB /* JZEntryListTableViewController.m */,
				3F5BD62722121433001F78DB /* JZEntryDetailViewController.h */,
				3F5BD62822121433001F78DB /* JZEntryDetailViewController.m */,
			);
			path = "View Controllers";
			sourceTree = "<group>";
		};
		3F5BD61B22120D4E001F78DB /* Resources */ = {
			isa = PBXGroup;
			children = (
				3F5BD60022120CD0001F78DB /* AppDelegate.h */,
				3F5BD60122120CD0001F78DB /* AppDelegate.m */,
				3F5BD60622120CD0001F78DB /* Main.storyboard */,
				3F5BD60922120CD1001F78DB /* Assets.xcassets */,
				3F5BD60B22120CD1001F78DB /* LaunchScreen.storyboard */,
				3F5BD60E22120CD1001F78DB /* Info.plist */,
				3F5BD60F22120CD1001F78DB /* main.m */,
			);
			path = Resources;
			sourceTree = "<group>";
		};
		3F5BD61F22120E6A001F78DB /* Model Controllers */ = {
			isa = PBXGroup;
			children = (
				3F5BD61C22120E63001F78DB /* JZEntryController.h */,
				3F5BD61D22120E63001F78DB /* JZEntryController.m */,
			);
			path = "Model Controllers";
			sourceTree = "<group>";
		};
		3F5BD62022120E74001F78DB /* Controllers */ = {
			isa = PBXGroup;
			children = (
				3F5BD61A22120D3D001F78DB /* View Controllers */,
				3F5BD61F22120E6A001F78DB /* Model Controllers */,
			);
			path = Controllers;
			sourceTree = "<group>";
		};
/* End PBXGroup section */

/* Begin PBXNativeTarget section */
		3F5BD5FC22120CD0001F78DB /* JournalObjC */ = {
			isa = PBXNativeTarget;
			buildConfigurationList = 3F5BD61322120CD1001F78DB /* Build configuration list for PBXNativeTarget "JournalObjC" */;
			buildPhases = (
				3F5BD5F922120CD0001F78DB /* Sources */,
				3F5BD5FA22120CD0001F78DB /* Frameworks */,
				3F5BD5FB22120CD0001F78DB /* Resources */,
			);
			buildRules = (
			);
			dependencies = (
			);
			name = JournalObjC;
			productName = JournalObjC;
			productReference = 3F5BD5FD22120CD0001F78DB /* JournalObjC.app */;
			productType = "com.apple.product-type.application";
		};
/* End PBXNativeTarget section */

/* Begin PBXProject section */
		3F5BD5F522120CD0001F78DB /* Project object */ = {
			isa = PBXProject;
			attributes = {
				LastUpgradeCheck = 1010;
				ORGANIZATIONNAME = XMS_JZhan;
				TargetAttributes = {
					3F5BD5FC22120CD0001F78DB = {
						CreatedOnToolsVersion = 10.1;
					};
				};
			};
			buildConfigurationList = 3F5BD5F822120CD0001F78DB /* Build configuration list for PBXProject "JournalObjC" */;
			compatibilityVersion = "Xcode 9.3";
			developmentRegion = en;
			hasScannedForEncodings = 0;
			knownRegions = (
				en,
				Base,
			);
			mainGroup = 3F5BD5F422120CD0001F78DB;
			productRefGroup = 3F5BD5FE22120CD0001F78DB /* Products */;
			projectDirPath = "";
			projectRoot = "";
			targets = (
				3F5BD5FC22120CD0001F78DB /* JournalObjC */,
			);
		};
/* End PBXProject section */

/* Begin PBXResourcesBuildPhase section */
		3F5BD5FB22120CD0001F78DB /* Resources */ = {
			isa = PBXResourcesBuildPhase;
			buildActionMask = 2147483647;
			files = (
				3F5BD60D22120CD1001F78DB /* LaunchScreen.storyboard in Resources */,
				3F5BD60A22120CD1001F78DB /* Assets.xcassets in Resources */,
				3F5BD60822120CD0001F78DB /* Main.storyboard in Resources */,
			);
			runOnlyForDeploymentPostprocessing = 0;
		};
/* End PBXResourcesBuildPhase section */

/* Begin PBXSourcesBuildPhase section */
		3F5BD5F922120CD0001F78DB /* Sources */ = {
			isa = PBXSourcesBuildPhase;
			buildActionMask = 2147483647;
			files = (
				3F5BD623221211A0001F78DB /* JZEntryListTableViewController.m in Sources */,
				3F5BD61022120CD1001F78DB /* main.m in Sources */,
				3F5BD62922121433001F78DB /* JZEntryDetailViewController.m in Sources */,
				3F5BD61E22120E63001F78DB /* JZEntryController.m in Sources */,
				3F5BD61822120D2F001F78DB /* JZEntry.m in Sources */,
				3F5BD60222120CD0001F78DB /* AppDelegate.m in Sources */,
			);
			runOnlyForDeploymentPostprocessing = 0;
		};
/* End PBXSourcesBuildPhase section */

/* Begin PBXVariantGroup section */
		3F5BD60622120CD0001F78DB /* Main.storyboard */ = {
			isa = PBXVariantGroup;
			children = (
				3F5BD60722120CD0001F78DB /* Base */,
			);
			name = Main.storyboard;
			sourceTree = "<group>";
		};
		3F5BD60B22120CD1001F78DB /* LaunchScreen.storyboard */ = {
			isa = PBXVariantGroup;
			children = (
				3F5BD60C22120CD1001F78DB /* Base */,
			);
			name = LaunchScreen.storyboard;
			sourceTree = "<group>";
		};
/* End PBXVariantGroup section */

/* Begin XCBuildConfiguration section */
		3F5BD61122120CD1001F78DB /* Debug */ = {
			isa = XCBuildConfiguration;
			buildSettings = {
				ALWAYS_SEARCH_USER_PATHS = NO;
				CLANG_ANALYZER_NONNULL = YES;
				CLANG_ANALYZER_NUMBER_OBJECT_CONVERSION = YES_AGGRESSIVE;
				CLANG_CXX_LANGUAGE_STANDARD = "gnu++14";
				CLANG_CXX_LIBRARY = "libc++";
				CLANG_ENABLE_MODULES = YES;
				CLANG_ENABLE_OBJC_ARC = YES;
				CLANG_ENABLE_OBJC_WEAK = YES;
				CLANG_WARN_BLOCK_CAPTURE_AUTORELEASING = YES;
				CLANG_WARN_BOOL_CONVERSION = YES;
				CLANG_WARN_COMMA = YES;
				CLANG_WARN_CONSTANT_CONVERSION = YES;
				CLANG_WARN_DEPRECATED_OBJC_IMPLEMENTATIONS = YES;
				CLANG_WARN_DIRECT_OBJC_ISA_USAGE = YES_ERROR;
				CLANG_WARN_DOCUMENTATION_COMMENTS = YES;
				CLANG_WARN_EMPTY_BODY = YES;
				CLANG_WARN_ENUM_CONVERSION = YES;
				CLANG_WARN_INFINITE_RECURSION = YES;
				CLANG_WARN_INT_CONVERSION = YES;
				CLANG_WARN_NON_LITERAL_NULL_CONVERSION = YES;
				CLANG_WARN_OBJC_IMPLICIT_RETAIN_SELF = YES;
				CLANG_WARN_OBJC_LITERAL_CONVERSION = YES;
				CLANG_WARN_OBJC_ROOT_CLASS = YES_ERROR;
				CLANG_WARN_RANGE_LOOP_ANALYSIS = YES;
				CLANG_WARN_STRICT_PROTOTYPES = YES;
				CLANG_WARN_SUSPICIOUS_MOVE = YES;
				CLANG_WARN_UNGUARDED_AVAILABILITY = YES_AGGRESSIVE;
				CLANG_WARN_UNREACHABLE_CODE = YES;
				CLANG_WARN__DUPLICATE_METHOD_MATCH = YES;
				CODE_SIGN_IDENTITY = "iPhone Developer";
				COPY_PHASE_STRIP = NO;
				DEBUG_INFORMATION_FORMAT = dwarf;
				ENABLE_STRICT_OBJC_MSGSEND = YES;
				ENABLE_TESTABILITY = YES;
				GCC_C_LANGUAGE_STANDARD = gnu11;
				GCC_DYNAMIC_NO_PIC = NO;
				GCC_NO_COMMON_BLOCKS = YES;
				GCC_OPTIMIZATION_LEVEL = 0;
				GCC_PREPROCESSOR_DEFINITIONS = (
					"DEBUG=1",
					"$(inherited)",
				);
				GCC_WARN_64_TO_32_BIT_CONVERSION = YES;
				GCC_WARN_ABOUT_RETURN_TYPE = YES_ERROR;
				GCC_WARN_UNDECLARED_SELECTOR = YES;
				GCC_WARN_UNINITIALIZED_AUTOS = YES_AGGRESSIVE;
				GCC_WARN_UNUSED_FUNCTION = YES;
				GCC_WARN_UNUSED_VARIABLE = YES;
				IPHONEOS_DEPLOYMENT_TARGET = 12.1;
				MTL_ENABLE_DEBUG_INFO = INCLUDE_SOURCE;
				MTL_FAST_MATH = YES;
				ONLY_ACTIVE_ARCH = YES;
				SDKROOT = iphoneos;
			};
			name = Debug;
		};
		3F5BD61222120CD1001F78DB /* Release */ = {
			isa = XCBuildConfiguration;
			buildSettings = {
				ALWAYS_SEARCH_USER_PATHS = NO;
				CLANG_ANALYZER_NONNULL = YES;
				CLANG_ANALYZER_NUMBER_OBJECT_CONVERSION = YES_AGGRESSIVE;
				CLANG_CXX_LANGUAGE_STANDARD = "gnu++14";
				CLANG_CXX_LIBRARY = "libc++";
				CLANG_ENABLE_MODULES = YES;
				CLANG_ENABLE_OBJC_ARC = YES;
				CLANG_ENABLE_OBJC_WEAK = YES;
				CLANG_WARN_BLOCK_CAPTURE_AUTORELEASING = YES;
				CLANG_WARN_BOOL_CONVERSION = YES;
				CLANG_WARN_COMMA = YES;
				CLANG_WARN_CONSTANT_CONVERSION = YES;
				CLANG_WARN_DEPRECATED_OBJC_IMPLEMENTATIONS = YES;
				CLANG_WARN_DIRECT_OBJC_ISA_USAGE = YES_ERROR;
				CLANG_WARN_DOCUMENTATION_COMMENTS = YES;
				CLANG_WARN_EMPTY_BODY = YES;
				CLANG_WARN_ENUM_CONVERSION = YES;
				CLANG_WARN_INFINITE_RECURSION = YES;
				CLANG_WARN_INT_CONVERSION = YES;
				CLANG_WARN_NON_LITERAL_NULL_CONVERSION = YES;
				CLANG_WARN_OBJC_IMPLICIT_RETAIN_SELF = YES;
				CLANG_WARN_OBJC_LITERAL_CONVERSION = YES;
				CLANG_WARN_OBJC_ROOT_CLASS = YES_ERROR;
				CLANG_WARN_RANGE_LOOP_ANALYSIS = YES;
				CLANG_WARN_STRICT_PROTOTYPES = YES;
				CLANG_WARN_SUSPICIOUS_MOVE = YES;
				CLANG_WARN_UNGUARDED_AVAILABILITY = YES_AGGRESSIVE;
				CLANG_WARN_UNREACHABLE_CODE = YES;
				CLANG_WARN__DUPLICATE_METHOD_MATCH = YES;
				CODE_SIGN_IDENTITY = "iPhone Developer";
				COPY_PHASE_STRIP = NO;
				DEBUG_INFORMATION_FORMAT = "dwarf-with-dsym";
				ENABLE_NS_ASSERTIONS = NO;
				ENABLE_STRICT_OBJC_MSGSEND = YES;
				GCC_C_LANGUAGE_STANDARD = gnu11;
				GCC_NO_COMMON_BLOCKS = YES;
				GCC_WARN_64_TO_32_BIT_CONVERSION = YES;
				GCC_WARN_ABOUT_RETURN_TYPE = YES_ERROR;
				GCC_WARN_UNDECLARED_SELECTOR = YES;
				GCC_WARN_UNINITIALIZED_AUTOS = YES_AGGRESSIVE;
				GCC_WARN_UNUSED_FUNCTION = YES;
				GCC_WARN_UNUSED_VARIABLE = YES;
				IPHONEOS_DEPLOYMENT_TARGET = 12.1;
				MTL_ENABLE_DEBUG_INFO = NO;
				MTL_FAST_MATH = YES;
				SDKROOT = iphoneos;
				VALIDATE_PRODUCT = YES;
			};
			name = Release;
		};
		3F5BD61422120CD1001F78DB /* Debug */ = {
			isa = XCBuildConfiguration;
			buildSettings = {
				ASSETCATALOG_COMPILER_APPICON_NAME = AppIcon;
				CODE_SIGN_STYLE = Automatic;
				INFOPLIST_FILE = "$(SRCROOT)/JournalObjC/Resources/Info.plist";
				LD_RUNPATH_SEARCH_PATHS = (
					"$(inherited)",
					"@executable_path/Frameworks",
				);
				PRODUCT_BUNDLE_IDENTIFIER = zhan.JournalObjC;
				PRODUCT_NAME = "$(TARGET_NAME)";
				TARGETED_DEVICE_FAMILY = "1,2";
			};
			name = Debug;
		};
		3F5BD61522120CD1001F78DB /* Release */ = {
			isa = XCBuildConfiguration;
			buildSettings = {
				ASSETCATALOG_COMPILER_APPICON_NAME = AppIcon;
				CODE_SIGN_STYLE = Automatic;
				INFOPLIST_FILE = "$(SRCROOT)/JournalObjC/Resources/Info.plist";
				LD_RUNPATH_SEARCH_PATHS = (
					"$(inherited)",
					"@executable_path/Frameworks",
				);
				PRODUCT_BUNDLE_IDENTIFIER = zhan.JournalObjC;
				PRODUCT_NAME = "$(TARGET_NAME)";
				TARGETED_DEVICE_FAMILY = "1,2";
			};
			name = Release;
		};
/* End XCBuildConfiguration section */

/* Begin XCConfigurationList section */
		3F5BD5F822120CD0001F78DB /* Build configuration list for PBXProject "JournalObjC" */ = {
			isa = XCConfigurationList;
			buildConfigurations = (
				3F5BD61122120CD1001F78DB /* Debug */,
				3F5BD61222120CD1001F78DB /* Release */,
			);
			defaultConfigurationIsVisible = 0;
			defaultConfigurationName = Release;
		};
		3F5BD61322120CD1001F78DB /* Build configuration list for PBXNativeTarget "JournalObjC" */ = {
			isa = XCConfigurationList;
			buildConfigurations = (
				3F5BD61422120CD1001F78DB /* Debug */,
				3F5BD61522120CD1001F78DB /* Release */,
			);
			defaultConfigurationIsVisible = 0;
			defaultConfigurationName = Release;
		};
/* End XCConfigurationList section */
	};
	rootObject = 3F5BD5F522120CD0001F78DB /* Project object */;
}
